# THIS IS AN AUTOGENERATED FILE. DO NOT EDIT THIS FILE DIRECTLY.
# yarn lockfile v1


"@ant-design/colors@^6.0.0":
  version "6.0.0"
  resolved "https://registry.yarnpkg.com/@ant-design/colors/-/colors-6.0.0.tgz#9b9366257cffcc47db42b9d0203bb592c13c0298"
  integrity sha512-qAZRvPzfdWHtfameEGP2Qvuf838NhergR35o+EuVyB5XvSA98xod5r4utvi4TJ3ywmevm290g9nsCG5MryrdWQ==
  dependencies:
    "@ctrl/tinycolor" "^3.4.0"

"@ant-design/icons-svg@^4.2.1":
  version "4.2.1"
  resolved "https://registry.yarnpkg.com/@ant-design/icons-svg/-/icons-svg-4.2.1.tgz#8630da8eb4471a4aabdaed7d1ff6a97dcb2cf05a"
  integrity sha512-EB0iwlKDGpG93hW8f85CTJTs4SvMX7tt5ceupvhALp1IF44SeUFOMhKUOYqpsoYWQKAOuTRDMqn75rEaKDp0Xw==

"@ant-design/icons@^4.7.0":
  version "4.7.0"
  resolved "https://registry.yarnpkg.com/@ant-design/icons/-/icons-4.7.0.tgz#8c3cbe0a556ba92af5dc7d1e70c0b25b5179af0f"
  integrity sha512-aoB4Z7JA431rt6d4u+8xcNPPCrdufSRMUOpxa1ab6mz1JCQZOEVolj2WVs/tDFmN62zzK30mNelEsprLYsSF3g==
  dependencies:
    "@ant-design/colors" "^6.0.0"
    "@ant-design/icons-svg" "^4.2.1"
    "@babel/runtime" "^7.11.2"
    classnames "^2.2.6"
    rc-util "^5.9.4"

"@ant-design/react-slick@~0.28.1":
  version "0.28.4"
  resolved "https://registry.yarnpkg.com/@ant-design/react-slick/-/react-slick-0.28.4.tgz#8b296b87ad7c7ae877f2a527b81b7eebd9dd29a9"
  integrity sha512-j9eAHTn7GxbXUFNknJoHS2ceAsqrQi2j8XykjZE1IXCD8kJF+t28EvhBLniDpbOsBk/3kjalnhriTfZcjBHNqg==
  dependencies:
    "@babel/runtime" "^7.10.4"
    classnames "^2.2.5"
    json2mq "^0.2.0"
    lodash "^4.17.21"
    resize-observer-polyfill "^1.5.0"

"@babel/runtime@^7.10.1", "@babel/runtime@^7.10.2", "@babel/runtime@^7.10.4", "@babel/runtime@^7.11.1", "@babel/runtime@^7.11.2", "@babel/runtime@^7.12.5":
  version "7.16.7"
  resolved "https://registry.yarnpkg.com/@babel/runtime/-/runtime-7.16.7.tgz#03ff99f64106588c9c403c6ecb8c3bafbbdff1fa"
  integrity sha512-9E9FJowqAsytyOY6LG+1KuueckRL+aQW+mKvXRXnuFGyRAyepJPmEo9vgMfXUA6O9u3IeEdv9MAkppFcaQwogQ==
  dependencies:
    regenerator-runtime "^0.13.4"

"@babel/runtime@^7.8.4":
  version "7.9.2"
  resolved "https://registry.yarnpkg.com/@babel/runtime/-/runtime-7.9.2.tgz#d90df0583a3a252f09aaa619665367bae518db06"
  integrity sha512-NE2DtOdufG7R5vnfQUTehdTfNycfUANEtCa9PssN9O/xmTzP4E08UI797ixaei6hBEVL9BI/PsdJS5x7mWoB9Q==
  dependencies:
    regenerator-runtime "^0.13.4"

"@ctrl/tinycolor@^3.4.0":
  version "3.4.0"
  resolved "https://registry.yarnpkg.com/@ctrl/tinycolor/-/tinycolor-3.4.0.tgz#c3c5ae543c897caa9c2a68630bed355be5f9990f"
  integrity sha512-JZButFdZ1+/xAfpguQHoabIXkcqRRKpMrWKBkpEZZyxfY9C1DpADFB8PEqGSTeFr135SaTRfKqGKx5xSCLI7ZQ==

"@next/bundle-analyzer@12.0.9":
  version "12.0.9"
  resolved "https://registry.yarnpkg.com/@next/bundle-analyzer/-/bundle-analyzer-12.0.9.tgz#6fbfbb39b5306da58d9f3f70cc1fb8f85111d959"
  integrity sha512-IXr1gUqnp48PEP6ej7mJzYJbU6P6ricdUVO6pkkzXU3xjzhDGTTz/CNMEC9+Iga8IynbIKg/c4vFy8ragY+eYA==
  dependencies:
    webpack-bundle-analyzer "4.3.0"

"@next/env@12.1.0":
  version "12.1.0"
  resolved "https://registry.yarnpkg.com/@next/env/-/env-12.1.0.tgz#73713399399b34aa5a01771fb73272b55b22c314"
  integrity sha512-nrIgY6t17FQ9xxwH3jj0a6EOiQ/WDHUos35Hghtr+SWN/ntHIQ7UpuvSi0vaLzZVHQWaDupKI+liO5vANcDeTQ==

"@next/swc-android-arm64@12.1.0":
  version "12.1.0"
  resolved "https://registry.yarnpkg.com/@next/swc-android-arm64/-/swc-android-arm64-12.1.0.tgz#865ba3a9afc204ff2bdeea49dd64d58705007a39"
  integrity sha512-/280MLdZe0W03stA69iL+v6I+J1ascrQ6FrXBlXGCsGzrfMaGr7fskMa0T5AhQIVQD4nA/46QQWxG//DYuFBcA==

"@next/swc-darwin-arm64@12.1.0":
  version "12.1.0"
  resolved "https://registry.yarnpkg.com/@next/swc-darwin-arm64/-/swc-darwin-arm64-12.1.0.tgz#08e8b411b8accd095009ed12efbc2f1d4d547135"
  integrity sha512-R8vcXE2/iONJ1Unf5Ptqjk6LRW3bggH+8drNkkzH4FLEQkHtELhvcmJwkXcuipyQCsIakldAXhRbZmm3YN1vXg==

"@next/swc-darwin-x64@12.1.0":
  version "12.1.0"
  resolved "https://registry.yarnpkg.com/@next/swc-darwin-x64/-/swc-darwin-x64-12.1.0.tgz#fcd684497a76e8feaca88db3c394480ff0b007cd"
  integrity sha512-ieAz0/J0PhmbZBB8+EA/JGdhRHBogF8BWaeqR7hwveb6SYEIJaDNQy0I+ZN8gF8hLj63bEDxJAs/cEhdnTq+ug==

"@next/swc-linux-arm-gnueabihf@12.1.0":
  version "12.1.0"
  resolved "https://registry.yarnpkg.com/@next/swc-linux-arm-gnueabihf/-/swc-linux-arm-gnueabihf-12.1.0.tgz#9ec6380a27938a5799aaa6035c205b3c478468a7"
  integrity sha512-njUd9hpl6o6A5d08dC0cKAgXKCzm5fFtgGe6i0eko8IAdtAPbtHxtpre3VeSxdZvuGFh+hb0REySQP9T1ttkog==

"@next/swc-linux-arm64-gnu@12.1.0":
  version "12.1.0"
  resolved "https://registry.yarnpkg.com/@next/swc-linux-arm64-gnu/-/swc-linux-arm64-gnu-12.1.0.tgz#7f4196dff1049cea479607c75b81033ae2dbd093"
  integrity sha512-OqangJLkRxVxMhDtcb7Qn1xjzFA3s50EIxY7mljbSCLybU+sByPaWAHY4px97ieOlr2y4S0xdPKkQ3BCAwyo6Q==

"@next/swc-linux-arm64-musl@12.1.0":
  version "12.1.0"
  resolved "https://registry.yarnpkg.com/@next/swc-linux-arm64-musl/-/swc-linux-arm64-musl-12.1.0.tgz#b445f767569cdc2dddee785ca495e1a88c025566"
  integrity sha512-hB8cLSt4GdmOpcwRe2UzI5UWn6HHO/vLkr5OTuNvCJ5xGDwpPXelVkYW/0+C3g5axbDW2Tym4S+MQCkkH9QfWA==

"@next/swc-linux-x64-gnu@12.1.0":
  version "12.1.0"
  resolved "https://registry.yarnpkg.com/@next/swc-linux-x64-gnu/-/swc-linux-x64-gnu-12.1.0.tgz#67610e9be4fbc987de7535f1bcb17e45fe12f90e"
  integrity sha512-OKO4R/digvrVuweSw/uBM4nSdyzsBV5EwkUeeG4KVpkIZEe64ZwRpnFB65bC6hGwxIBnTv5NMSnJ+0K/WmG78A==

"@next/swc-linux-x64-musl@12.1.0":
  version "12.1.0"
  resolved "https://registry.yarnpkg.com/@next/swc-linux-x64-musl/-/swc-linux-x64-musl-12.1.0.tgz#ea19a23db08a9f2e34ac30401f774cf7d1669d31"
  integrity sha512-JohhgAHZvOD3rQY7tlp7NlmvtvYHBYgY0x5ZCecUT6eCCcl9lv6iV3nfu82ErkxNk1H893fqH0FUpznZ/H3pSw==

"@next/swc-win32-arm64-msvc@12.1.0":
  version "12.1.0"
  resolved "https://registry.yarnpkg.com/@next/swc-win32-arm64-msvc/-/swc-win32-arm64-msvc-12.1.0.tgz#eadf054fc412085659b98e145435bbba200b5283"
  integrity sha512-T/3gIE6QEfKIJ4dmJk75v9hhNiYZhQYAoYm4iVo1TgcsuaKLFa+zMPh4056AHiG6n9tn2UQ1CFE8EoybEsqsSw==

"@next/swc-win32-ia32-msvc@12.1.0":
  version "12.1.0"
  resolved "https://registry.yarnpkg.com/@next/swc-win32-ia32-msvc/-/swc-win32-ia32-msvc-12.1.0.tgz#68faeae10c89f698bf9d28759172b74c9c21bda1"
  integrity sha512-iwnKgHJdqhIW19H9PRPM9j55V6RdcOo6rX+5imx832BCWzkDbyomWnlzBfr6ByUYfhohb8QuH4hSGEikpPqI0Q==

"@next/swc-win32-x64-msvc@12.1.0":
  version "12.1.0"
  resolved "https://registry.yarnpkg.com/@next/swc-win32-x64-msvc/-/swc-win32-x64-msvc-12.1.0.tgz#d27e7e76c87a460a4da99c5bfdb1618dcd6cd064"
  integrity sha512-aBvcbMwuanDH4EMrL2TthNJy+4nP59Bimn8egqv6GHMVj0a44cU6Au4PjOhLNqEh9l+IpRGBqMTzec94UdC5xg==

"@polka/url@^1.0.0-next.20":
  version "1.0.0-next.21"
  resolved "https://registry.yarnpkg.com/@polka/url/-/url-1.0.0-next.21.tgz#5de5a2385a35309427f6011992b544514d559aa1"
  integrity sha512-a5Sab1C4/icpTZVzZc5Ghpz88yQtGOyNqYXcZgOssB2uuAr+wF/MvN6bgtW32q7HHrvBki+BsZ0OuNv6EV3K9g==

"@types/classnames@2.3.1":
  version "2.3.1"
  resolved "https://registry.yarnpkg.com/@types/classnames/-/classnames-2.3.1.tgz#3c2467aa0f1a93f1f021e3b9bcf938bd5dfdc0dd"
  integrity sha512-zeOWb0JGBoVmlQoznvqXbE0tEC/HONsnoUNH19Hc96NFsTAwTXbTqb8FMYkru1F/iqp7a18Ws3nWJvtA1sHD1A==
  dependencies:
    classnames "*"

"@types/color-name@^1.1.1":
  version "1.1.1"
  resolved "https://registry.yarnpkg.com/@types/color-name/-/color-name-1.1.1.tgz#1c1261bbeaa10a8055bbc5d8ab84b7b2afc846a0"
  integrity sha512-rr+OQyAjxze7GgWrSaJwydHStIhHq2lvY3BOC2Mj7KnzI7XK0Uw1TOOdI9lDoajEbSWLiYgoo4f1R51erQfhPQ==

"@types/node@17.0.13":
  version "17.0.13"
  resolved "https://registry.yarnpkg.com/@types/node/-/node-17.0.13.tgz#5ed7ed7c662948335fcad6c412bb42d99ea754e3"
  integrity sha512-Y86MAxASe25hNzlDbsviXl8jQHb0RDvKt4c40ZJQ1Don0AAL0STLZSs4N+6gLEO55pedy7r2cLwS+ZDxPm/2Bw==

"@types/prop-types@*":
  version "15.7.3"
  resolved "https://registry.yarnpkg.com/@types/prop-types/-/prop-types-15.7.3.tgz#2ab0d5da2e5815f94b0b9d4b95d1e5f243ab2ca7"
  integrity sha512-KfRL3PuHmqQLOG+2tGpRO26Ctg+Cq1E01D2DMriKEATHgWLfeNDmq9e29Q9WIky0dQ3NPkd1mzYH8Lm936Z9qw==

"@types/react-dom@17.0.11":
  version "17.0.11"
  resolved "https://registry.yarnpkg.com/@types/react-dom/-/react-dom-17.0.11.tgz#e1eadc3c5e86bdb5f7684e00274ae228e7bcc466"
  integrity sha512-f96K3k+24RaLGVu/Y2Ng3e1EbZ8/cVJvypZWd7cy0ofCBaf2lcM46xNhycMZ2xGwbBjRql7hOlZ+e2WlJ5MH3Q==
  dependencies:
    "@types/react" "*"

"@types/react@*":
  version "16.9.32"
  resolved "https://registry.yarnpkg.com/@types/react/-/react-16.9.32.tgz#f6368625b224604148d1ddf5920e4fefbd98d383"
  integrity sha512-fmejdp0CTH00mOJmxUPPbWCEBWPvRIL4m8r0qD+BSDUqmutPyGQCHifzMpMzdvZwROdEdL78IuZItntFWgPXHQ==
  dependencies:
    "@types/prop-types" "*"
    csstype "^2.2.0"

"@types/react@17.0.38":
  version "17.0.38"
  resolved "https://registry.yarnpkg.com/@types/react/-/react-17.0.38.tgz#f24249fefd89357d5fa71f739a686b8d7c7202bd"
  integrity sha512-SI92X1IA+FMnP3qM5m4QReluXzhcmovhZnLNm3pyeQlooi02qI7sLiepEYqT678uNiyc25XfCqxREFpy3W7YhQ==
  dependencies:
    "@types/prop-types" "*"
    "@types/scheduler" "*"
    csstype "^3.0.2"

"@types/scheduler@*":
  version "0.16.2"
  resolved "https://registry.yarnpkg.com/@types/scheduler/-/scheduler-0.16.2.tgz#1a62f89525723dde24ba1b01b092bf5df8ad4d39"
  integrity sha512-hppQEBDmlwhFAXKJX2KnWLYu5yMfi91yazPb2l+lbJiwW+wdo1gNeRA+3RgNSO39WYX2euey41KEwnqesU2Jew==

"@types/use-persisted-state@0.3.0":
  version "0.3.0"
  resolved "https://registry.yarnpkg.com/@types/use-persisted-state/-/use-persisted-state-0.3.0.tgz#23370e89bd6c8468afdb05dde2d1bab898128229"
  integrity sha512-ZT98QuckR95qM7W97lGVqc7fFS9TT6f3txp7R40fl0zxa5BLm3GG7j0i51G12h8DkoJxFAf2oQyYKU99h0pxFA==
  dependencies:
    "@types/react" "*"

"@use-it/event-listener@^0.1.2":
  version "0.1.3"
  resolved "https://registry.yarnpkg.com/@use-it/event-listener/-/event-listener-0.1.3.tgz#a9920b2819d211cf55e68e830997546eec6886d3"
  integrity sha512-UCHkLOVU+xj3/1R8jXz8GzDTowkzfIDPESOBlVC2ndgwUSBEqiFdwCoUEs2lcGhJOOiEdmWxF+T23C5+60eEew==

acorn-walk@^8.0.0:
  version "8.2.0"
  resolved "https://registry.yarnpkg.com/acorn-walk/-/acorn-walk-8.2.0.tgz#741210f2e2426454508853a2f44d0ab83b7f69c1"
  integrity sha512-k+iyHEuPgSw6SbuDpGQM+06HQUa04DZ3o+F6CSzXMvvI5KMvnaEqXe+YVe555R9nn6GPt404fos4wcgpw12SDA==

acorn@^8.0.4:
  version "8.7.0"
  resolved "https://registry.yarnpkg.com/acorn/-/acorn-8.7.0.tgz#90951fde0f8f09df93549481e5fc141445b791cf"
  integrity sha512-V/LGr1APy+PXIwKebEWrkZPwoeoF+w1jiOBUmuxuiUIaOHtob8Qc9BTrYo7VuI5fR8tqsy+buA2WFooR5olqvQ==

ansi-styles@^4.1.0:
  version "4.2.1"
  resolved "https://registry.yarnpkg.com/ansi-styles/-/ansi-styles-4.2.1.tgz#90ae75c424d008d2624c5bf29ead3177ebfcf359"
  integrity sha512-9VGjrMsG1vePxcSweQsN20KY/c4zN0h9fLjqAbwbPfahM3t+NL+M9HC8xeXG2I8pX5NoamTGNuomEUFI7fcUjA==
  dependencies:
    "@types/color-name" "^1.1.1"
    color-convert "^2.0.1"

antd@4.18.5:
  version "4.18.5"
  resolved "https://registry.yarnpkg.com/antd/-/antd-4.18.5.tgz#e5ffbe238fd6fdfcd1ed39ba96e4b1bd5f589757"
  integrity sha512-5fN3C2lWAzonhOYYlNpzIw2OHl7vxFZ+4cJ7DK/XZrV+75OY61Y+OkanqMJwrFtDDamIez35OM7cAezGko9tew==
  dependencies:
    "@ant-design/colors" "^6.0.0"
    "@ant-design/icons" "^4.7.0"
    "@ant-design/react-slick" "~0.28.1"
    "@babel/runtime" "^7.12.5"
    "@ctrl/tinycolor" "^3.4.0"
    classnames "^2.2.6"
    copy-to-clipboard "^3.2.0"
    lodash "^4.17.21"
    memoize-one "^6.0.0"
    moment "^2.25.3"
    rc-cascader "~3.2.1"
    rc-checkbox "~2.3.0"
    rc-collapse "~3.1.0"
    rc-dialog "~8.6.0"
    rc-drawer "~4.4.2"
    rc-dropdown "~3.2.0"
    rc-field-form "~1.22.0-2"
    rc-image "~5.2.5"
    rc-input-number "~7.3.0"
    rc-mentions "~1.6.1"
    rc-menu "~9.2.1"
    rc-motion "^2.4.4"
    rc-notification "~4.5.7"
    rc-pagination "~3.1.9"
    rc-picker "~2.5.17"
    rc-progress "~3.2.1"
    rc-rate "~2.9.0"
    rc-resize-observer "^1.2.0"
    rc-select "~14.0.0-alpha.15"
    rc-slider "~9.7.4"
    rc-steps "~4.1.0"
    rc-switch "~3.2.0"
    rc-table "~7.22.2"
    rc-tabs "~11.10.0"
    rc-textarea "~0.3.0"
    rc-tooltip "~5.1.1"
    rc-tree "~5.4.3"
    rc-tree-select "~5.1.1"
    rc-trigger "^5.2.10"
    rc-upload "~4.3.0"
    rc-util "^5.14.0"
    scroll-into-view-if-needed "^2.2.25"

array-tree-filter@^2.1.0:
  version "2.1.0"
  resolved "https://registry.yarnpkg.com/array-tree-filter/-/array-tree-filter-2.1.0.tgz#873ac00fec83749f255ac8dd083814b4f6329190"
  integrity sha512-4ROwICNlNw/Hqa9v+rk5h22KjmzB1JGTMVKP2AKJBOCgb0yL0ASf0+YvCcLNNwquOHNX48jkeZIJ3a+oOQqKcw==

async-validator@^4.0.2:
  version "4.0.7"
  resolved "https://registry.yarnpkg.com/async-validator/-/async-validator-4.0.7.tgz#034a0fd2103a6b2ebf010da75183bec299247afe"
  integrity sha512-Pj2IR7u8hmUEDOwB++su6baaRi+QvsgajuFB9j95foM1N2gy5HM4z60hfusIO0fBPG5uLAEl6yCJr1jNSVugEQ==

caniuse-lite@^1.0.30001283:
  version "1.0.30001303"
  resolved "https://registry.yarnpkg.com/caniuse-lite/-/caniuse-lite-1.0.30001303.tgz#9b168e4f43ccfc372b86f4bc5a551d9b909c95c9"
  integrity sha512-/Mqc1oESndUNszJP0kx0UaQU9kEv9nNtJ7Kn8AdA0mNnH8eR1cj0kG+NbNuC1Wq/b21eA8prhKRA3bbkjONegQ==

chalk@^4.1.0:
  version "4.1.2"
  resolved "https://registry.yarnpkg.com/chalk/-/chalk-4.1.2.tgz#aac4e2b7734a740867aeb16bf02aad556a1e7a01"
  integrity sha512-oKnbhFyRIXpUuez8iBMmyEa4nbj4IOQyuhc/wy9kY7/WVPcwIO9VA668Pu8RkO7+0G76SLROeyw9CpQ061i4mA==
  dependencies:
    ansi-styles "^4.1.0"
    supports-color "^7.1.0"

classnames@*, classnames@2.3.1, classnames@^2.3.1:
  version "2.3.1"
  resolved "https://registry.yarnpkg.com/classnames/-/classnames-2.3.1.tgz#dfcfa3891e306ec1dad105d0e88f4417b8535e8e"
  integrity sha512-OlQdbZ7gLfGarSqxesMesDa5uz7KFbID8Kpq/SxIoNGDqY8lSYs0D+hhtBXhcdB3rcbXArFr7vlHheLk1voeNA==

classnames@2.x, classnames@^2.2.1, classnames@^2.2.3, classnames@^2.2.5, classnames@^2.2.6:
  version "2.2.6"
  resolved "https://registry.yarnpkg.com/classnames/-/classnames-2.2.6.tgz#43935bffdd291f326dad0a205309b38d00f650ce"
  integrity sha512-JR/iSQOSt+LQIWwrwEzJ9uk0xfN3mTVYMwt1Ir5mUcSN6pU+V4zQFFaJsclJbPuAUQH+yfWef6tm7l1quW3C8Q==

color-convert@^2.0.1:
  version "2.0.1"
  resolved "https://registry.yarnpkg.com/color-convert/-/color-convert-2.0.1.tgz#72d3a68d598c9bdb3af2ad1e84f21d896abd4de3"
  integrity sha512-RRECPsj7iu/xb5oKYcsFHSppFNnsj/52OVTRKb4zP5onXwVF3zVmmToNcOfGC+CRDpfK/U584fMg38ZHCaElKQ==
  dependencies:
    color-name "~1.1.4"

color-name@~1.1.4:
  version "1.1.4"
  resolved "https://registry.yarnpkg.com/color-name/-/color-name-1.1.4.tgz#c2a09a87acbde69543de6f63fa3995c826c536a2"
  integrity sha512-dOy+3AuW3a2wNbZHIuMZpTcgjGuLU/uBL/ubcZF9OXbDo8ff4O8yVp5Bf0efS8uEoYo5q4Fx7dY9OgQGXgAsQA==

commander@^6.2.0:
  version "6.2.1"
  resolved "https://registry.yarnpkg.com/commander/-/commander-6.2.1.tgz#0792eb682dfbc325999bb2b84fddddba110ac73c"
  integrity sha512-U7VdrJFnJgo4xjrHpTzu0yrHPGImdsmD95ZlgYSEajAn2JKzDhDTPG9kBTefmObL2w/ngeZnilk+OV9CG3d7UA==

compute-scroll-into-view@^1.0.17:
  version "1.0.17"
  resolved "https://registry.yarnpkg.com/compute-scroll-into-view/-/compute-scroll-into-view-1.0.17.tgz#6a88f18acd9d42e9cf4baa6bec7e0522607ab7ab"
  integrity sha512-j4dx+Fb0URmzbwwMUrhqWM2BEWHdFGx+qZ9qqASHRPqvTYdqvWnHg0H1hIbcyLnvgnoNAVMlwkepyqM3DaIFUg==

copy-to-clipboard@^3.2.0:
  version "3.3.1"
  resolved "https://registry.yarnpkg.com/copy-to-clipboard/-/copy-to-clipboard-3.3.1.tgz#115aa1a9998ffab6196f93076ad6da3b913662ae"
  integrity sha512-i13qo6kIHTTpCm8/Wup+0b1mVWETvu2kIMzKoK8FpkLkFxlt0znUAHcMzox+T8sPlqtZXq3CulEjQHsYiGFJUw==
  dependencies:
    toggle-selection "^1.0.6"

csstype@^2.2.0:
  version "2.6.10"
  resolved "https://registry.yarnpkg.com/csstype/-/csstype-2.6.10.tgz#e63af50e66d7c266edb6b32909cfd0aabe03928b"
  integrity sha512-D34BqZU4cIlMCY93rZHbrq9pjTAQJ3U8S8rfBqjwHxkGPThWFjzZDQpgMJY0QViLxth6ZKYiwFBo14RdN44U/w==

csstype@^3.0.2:
  version "3.0.10"
  resolved "https://registry.yarnpkg.com/csstype/-/csstype-3.0.10.tgz#2ad3a7bed70f35b965707c092e5f30b327c290e5"
  integrity sha512-2u44ZG2OcNUO9HDp/Jl8C07x6pU/eTR3ncV91SiK3dhG9TWvRVsCoJw14Ckx5DgWkzGA3waZWO3d7pgqpUI/XA==

date-fns@2.x:
  version "2.28.0"
  resolved "https://registry.yarnpkg.com/date-fns/-/date-fns-2.28.0.tgz#9570d656f5fc13143e50c975a3b6bbeb46cd08b2"
  integrity sha512-8d35hViGYx/QH0icHYCeLmsLmMUheMmTyV9Fcm6gvNwdw31yXXH+O85sOBJ+OLnLQMKZowvpKb6FgMIQjcpvQw==

dayjs@1.x:
  version "1.10.7"
  resolved "https://registry.yarnpkg.com/dayjs/-/dayjs-1.10.7.tgz#2cf5f91add28116748440866a0a1d26f3a6ce468"
  integrity sha512-P6twpd70BcPK34K26uJ1KT3wlhpuOAPoMwJzpsIWUxHZ7wpmbdZL/hQqBDfz7hGurYSa5PhzdhDHtt319hL3ig==

dom-align@^1.7.0:
  version "1.11.1"
  resolved "https://registry.yarnpkg.com/dom-align/-/dom-align-1.11.1.tgz#7592be99a660a36cdedc1d6eeb22b8109d758cae"
  integrity sha512-hN42DmUgtweBx0iBjDLO4WtKOMcK8yBmPx/fgdsgQadLuzPu/8co3oLdK5yMmeM/vnUd3yDyV6qV8/NzxBexQg==

duplexer@^0.1.2:
  version "0.1.2"
  resolved "https://registry.yarnpkg.com/duplexer/-/duplexer-0.1.2.tgz#3abe43aef3835f8ae077d136ddce0f276b0400e6"
  integrity sha512-jtD6YG370ZCIi/9GTaJKQxWTZD045+4R4hTk/x1UyoqadyJ9x9CgSi1RlVDQF8U2sxLLSnFkCaMihqljHIWgMg==

gzip-size@^6.0.0:
  version "6.0.0"
  resolved "https://registry.yarnpkg.com/gzip-size/-/gzip-size-6.0.0.tgz#065367fd50c239c0671cbcbad5be3e2eeb10e462"
  integrity sha512-ax7ZYomf6jqPTQ4+XCpUGyXKHk5WweS+e05MBO4/y3WJ5RkmPXNKvX+bx1behVILVwr6JSQvZAku021CHPXG3Q==
  dependencies:
    duplexer "^0.1.2"

has-flag@^4.0.0:
  version "4.0.0"
  resolved "https://registry.yarnpkg.com/has-flag/-/has-flag-4.0.0.tgz#944771fd9c81c81265c4d6941860da06bb59479b"
  integrity sha512-EykJT/Q1KjTWctppgIAgfSO0tKVuZUjhgMr17kqTumMl6Afv3EISleU7qZUzoXDFTAHTDC4NOoG/ZxU3EvlMPQ==

"js-tokens@^3.0.0 || ^4.0.0":
  version "4.0.0"
  resolved "https://registry.yarnpkg.com/js-tokens/-/js-tokens-4.0.0.tgz#19203fb59991df98e3a287050d4647cdeaf32499"
  integrity sha512-RdJUflcE3cUzKiMqQgsCu06FPu9UdIJO0beYbPhHN4k6apgJtifcoCtT9bcxOpYBtpD2kCM6Sbzg4CausW/PKQ==

json2mq@^0.2.0:
  version "0.2.0"
  resolved "https://registry.yarnpkg.com/json2mq/-/json2mq-0.2.0.tgz#b637bd3ba9eabe122c83e9720483aeb10d2c904a"
  integrity sha1-tje9O6nqvhIsg+lyBIOusQ0skEo=
  dependencies:
    string-convert "^0.2.0"

lodash@^4.17.20, lodash@^4.17.21:
  version "4.17.21"
  resolved "https://registry.yarnpkg.com/lodash/-/lodash-4.17.21.tgz#679591c564c3bffaae8454cf0b3df370c3d6911c"
  integrity sha512-v2kDEe57lecTulaDIuNTPy3Ry4gLGJ6Z1O3vE1krgXZNrsQ+LFTGHVxVjcXPs17LhbZVGedAJv8XZ1tvj5FvSg==

loose-envify@^1.1.0, loose-envify@^1.4.0:
  version "1.4.0"
  resolved "https://registry.yarnpkg.com/loose-envify/-/loose-envify-1.4.0.tgz#71ee51fa7be4caec1a63839f7e682d8132d30caf"
  integrity sha512-lyuxPGr/Wfhrlem2CL/UcnUc1zcqKAImBDzukY7Y5F/yQiNdko6+fRLevlw1HgMySw7f611UIY408EtxRSoK3Q==
  dependencies:
    js-tokens "^3.0.0 || ^4.0.0"

memoize-one@^6.0.0:
  version "6.0.0"
  resolved "https://registry.yarnpkg.com/memoize-one/-/memoize-one-6.0.0.tgz#b2591b871ed82948aee4727dc6abceeeac8c1045"
  integrity sha512-rkpe71W0N0c0Xz6QD0eJETuWAJGnJ9afsl1srmwPrI+yBCkge5EycXXbYRyvL29zZVUWQCY7InPRCv3GDXuZNw==

moment@^2.24.0:
  version "2.24.0"
  resolved "https://registry.yarnpkg.com/moment/-/moment-2.24.0.tgz#0d055d53f5052aa653c9f6eb68bb5d12bf5c2b5b"
  integrity sha512-bV7f+6l2QigeBBZSM/6yTNq4P2fNpSWj/0e7jQcy87A8e7o2nAfP/34/2ky5Vw4B9S446EtIhodAzkFCcR4dQg==

moment@^2.25.3:
  version "2.29.1"
  resolved "https://registry.yarnpkg.com/moment/-/moment-2.29.1.tgz#b2be769fa31940be9eeea6469c075e35006fa3d3"
  integrity sha512-kHmoybcPV8Sqy59DwNDY3Jefr64lK/by/da0ViFcuA4DH0vQg5Q6Ze5VimxkfQNSC+Mls/Kx53s7TjP1RhFEDQ==

mrmime@^1.0.0:
  version "1.0.0"
  resolved "https://registry.yarnpkg.com/mrmime/-/mrmime-1.0.0.tgz#14d387f0585a5233d291baba339b063752a2398b"
  integrity sha512-a70zx7zFfVO7XpnQ2IX1Myh9yY4UYvfld/dikWRnsXxbyvMcfz+u6UfgNAtH+k2QqtJuzVpv6eLTx1G2+WKZbQ==

nanoid@^3.1.30:
  version "3.2.0"
  resolved "https://registry.yarnpkg.com/nanoid/-/nanoid-3.2.0.tgz#62667522da6673971cca916a6d3eff3f415ff80c"
  integrity sha512-fmsZYa9lpn69Ad5eDn7FMcnnSR+8R34W9qJEijxYhTbfOWzr22n1QxCMzXLK+ODyW2973V3Fux959iQoUxzUIA==

next@12.1.0:
  version "12.1.0"
  resolved "https://registry.yarnpkg.com/next/-/next-12.1.0.tgz#c33d753b644be92fc58e06e5a214f143da61dd5d"
  integrity sha512-s885kWvnIlxsUFHq9UGyIyLiuD0G3BUC/xrH0CEnH5lHEWkwQcHOORgbDF0hbrW9vr/7am4ETfX4A7M6DjrE7Q==
  dependencies:
    "@next/env" "12.1.0"
    caniuse-lite "^1.0.30001283"
    postcss "8.4.5"
    styled-jsx "5.0.0"
    use-subscription "1.5.1"
  optionalDependencies:
    "@next/swc-android-arm64" "12.1.0"
    "@next/swc-darwin-arm64" "12.1.0"
    "@next/swc-darwin-x64" "12.1.0"
    "@next/swc-linux-arm-gnueabihf" "12.1.0"
    "@next/swc-linux-arm64-gnu" "12.1.0"
    "@next/swc-linux-arm64-musl" "12.1.0"
    "@next/swc-linux-x64-gnu" "12.1.0"
    "@next/swc-linux-x64-musl" "12.1.0"
    "@next/swc-win32-arm64-msvc" "12.1.0"
    "@next/swc-win32-ia32-msvc" "12.1.0"
    "@next/swc-win32-x64-msvc" "12.1.0"

object-assign@^4.1.1:
  version "4.1.1"
  resolved "https://registry.yarnpkg.com/object-assign/-/object-assign-4.1.1.tgz#2109adc7965887cfc05cbbd442cac8bfbb360863"
  integrity sha1-IQmtx5ZYh8/AXLvUQsrIv7s2CGM=

opener@^1.5.2:
  version "1.5.2"
  resolved "https://registry.yarnpkg.com/opener/-/opener-1.5.2.tgz#5d37e1f35077b9dcac4301372271afdeb2a13598"
  integrity sha512-ur5UIdyw5Y7yEj9wLzhqXiy6GZ3Mwx0yGI+5sMn2r0N0v3cKJvUmFH5yPP+WXh9e0xfyzyJX95D8l088DNFj7A==

picocolors@^1.0.0:
  version "1.0.0"
  resolved "https://registry.yarnpkg.com/picocolors/-/picocolors-1.0.0.tgz#cb5bdc74ff3f51892236eaf79d68bc44564ab81c"
  integrity sha512-1fygroTLlHu66zi26VoTDv8yRgm0Fccecssto+MhsZ0D/DGW2sm8E8AjW7NU5VVTRt5GxbeZ5qBuJr+HyLYkjQ==

postcss@8.4.5:
  version "8.4.5"
  resolved "https://registry.yarnpkg.com/postcss/-/postcss-8.4.5.tgz#bae665764dfd4c6fcc24dc0fdf7e7aa00cc77f95"
  integrity sha512-jBDboWM8qpaqwkMwItqTQTiFikhs/67OYVvblFFTM7MrZjt6yMKd6r2kgXizEbTTljacm4NldIlZnhbjr84QYg==
  dependencies:
    nanoid "^3.1.30"
    picocolors "^1.0.0"
    source-map-js "^1.0.1"

prettier@2.8.8:
  version "2.8.8"
  resolved "https://registry.yarnpkg.com/prettier/-/prettier-2.8.8.tgz#e8c5d7e98a4305ffe3de2e1fc4aca1a71c28b1da"
  integrity sha512-tdN8qQGvNjw4CHbY+XXk0JgCXn9QiF21a55rBe5LJAU+kDyC4WQn4+awm2Xfk2lQMk5fKup9XgzTZtGkjBdP9Q==

prop-types@^15.7.2:
  version "15.7.2"
  resolved "https://registry.yarnpkg.com/prop-types/-/prop-types-15.7.2.tgz#52c41e75b8c87e72b9d9360e0206b99dcbffa6c5"
  integrity sha512-8QQikdH7//R2vurIJSutZ1smHYTcLpRWEOlHnzcWHmBYrOGUysKwSsrC89BCiFj3CbrfJ/nXFdJepOVrY1GCHQ==
  dependencies:
    loose-envify "^1.4.0"
    object-assign "^4.1.1"
    react-is "^16.8.1"

rc-align@^4.0.0:
  version "4.0.11"
  resolved "https://registry.yarnpkg.com/rc-align/-/rc-align-4.0.11.tgz#8198c62db266bc1b8ef05e56c13275bf72628a5e"
  integrity sha512-n9mQfIYQbbNTbefyQnRHZPWuTEwG1rY4a9yKlIWHSTbgwI+XUMGRYd0uJ5pE2UbrNX0WvnMBA1zJ3Lrecpra/A==
  dependencies:
    "@babel/runtime" "^7.10.1"
    classnames "2.x"
    dom-align "^1.7.0"
    lodash "^4.17.21"
    rc-util "^5.3.0"
    resize-observer-polyfill "^1.5.1"

rc-cascader@~3.2.1:
  version "3.2.1"
  resolved "https://registry.yarnpkg.com/rc-cascader/-/rc-cascader-3.2.1.tgz#fc928d67d96c3d9f358263e4a9127bcf4257cc6b"
  integrity sha512-Raxam9tFzBL4TCgHoyVcf7+Q2KSFneUk3FZXi9w1tfxEihLlezSH0oCNMjHJN8hxWwwx9ZbI9UzWTfFImjXc0Q==
  dependencies:
    "@babel/runtime" "^7.12.5"
    array-tree-filter "^2.1.0"
    classnames "^2.3.1"
    rc-select "~14.0.0-alpha.23"
    rc-tree "~5.4.3"
    rc-util "^5.6.1"

rc-checkbox@~2.3.0:
  version "2.3.2"
  resolved "https://registry.yarnpkg.com/rc-checkbox/-/rc-checkbox-2.3.2.tgz#f91b3678c7edb2baa8121c9483c664fa6f0aefc1"
  integrity sha512-afVi1FYiGv1U0JlpNH/UaEXdh6WUJjcWokj/nUN2TgG80bfG+MDdbfHKlLcNNba94mbjy2/SXJ1HDgrOkXGAjg==
  dependencies:
    "@babel/runtime" "^7.10.1"
    classnames "^2.2.1"

rc-collapse@~3.1.0:
  version "3.1.2"
  resolved "https://registry.yarnpkg.com/rc-collapse/-/rc-collapse-3.1.2.tgz#76028a811b845d03d9460ccc409c7ea8ad09db14"
  integrity sha512-HujcKq7mghk/gVKeI6EjzTbb8e19XUZpakrYazu1MblEZ3Hu3WBMSN4A3QmvbF6n1g7x6lUlZvsHZ5shABWYOQ==
  dependencies:
    "@babel/runtime" "^7.10.1"
    classnames "2.x"
    rc-motion "^2.3.4"
    rc-util "^5.2.1"
    shallowequal "^1.1.0"

rc-dialog@~8.6.0:
  version "8.6.0"
  resolved "https://registry.yarnpkg.com/rc-dialog/-/rc-dialog-8.6.0.tgz#3b228dac085de5eed8c6237f31162104687442e7"
  integrity sha512-GSbkfqjqxpZC5/zc+8H332+q5l/DKUhpQr0vdX2uDsxo5K0PhvaMEVjyoJUTkZ3+JstEADQji1PVLVb/2bJeOQ==
  dependencies:
    "@babel/runtime" "^7.10.1"
    classnames "^2.2.6"
    rc-motion "^2.3.0"
    rc-util "^5.6.1"

rc-drawer@~4.4.2:
  version "4.4.3"
  resolved "https://registry.yarnpkg.com/rc-drawer/-/rc-drawer-4.4.3.tgz#2094937a844e55dc9644236a2d9fba79c344e321"
  integrity sha512-FYztwRs3uXnFOIf1hLvFxIQP9MiZJA+0w+Os8dfDh/90X7z/HqP/Yg+noLCIeHEbKln1Tqelv8ymCAN24zPcfQ==
  dependencies:
    "@babel/runtime" "^7.10.1"
    classnames "^2.2.6"
    rc-util "^5.7.0"

rc-dropdown@^3.2.0:
  version "3.3.0"
  resolved "https://registry.yarnpkg.com/rc-dropdown/-/rc-dropdown-3.3.0.tgz#3bd47a8c7d2f81f03d477b6761d4122b78811688"
  integrity sha512-UvNfeqpaNFbCyMUN4m0r+EPqXQgcwVSA4R4Gt4cs/MzIAIK0X6v0WNfwzlmvrwAY8lzY+zn9qakhehHnD87NCA==
  dependencies:
    "@babel/runtime" "^7.10.1"
    classnames "^2.2.6"
    rc-trigger "^5.0.4"

rc-dropdown@~3.2.0:
  version "3.2.5"
  resolved "https://registry.yarnpkg.com/rc-dropdown/-/rc-dropdown-3.2.5.tgz#c211e571d29d15e7f725b5a75fc8c7f371fc3348"
  integrity sha512-dVO2eulOSbEf+F4OyhCY5iGiMVhUYY/qeXxL7Ex2jDBt/xc89jU07mNoowV6aWxwVOc70pxEINff0oM2ogjluA==
  dependencies:
    "@babel/runtime" "^7.10.1"
    classnames "^2.2.6"
    rc-trigger "^5.0.4"

rc-field-form@~1.22.0-2:
  version "1.22.1"
  resolved "https://registry.yarnpkg.com/rc-field-form/-/rc-field-form-1.22.1.tgz#0bd2f4e730ff2f071529d00bef28e062362890f5"
  integrity sha512-LweU7nBeqmC5r3HDUjRprcOXXobHXp/TGIxD7ppBq5FX6Iptt3ibdpRVg4RSyNulBNGHOuknHlRcguuIpvVMVg==
  dependencies:
    "@babel/runtime" "^7.8.4"
    async-validator "^4.0.2"
    rc-util "^5.8.0"

rc-image@~5.2.5:
  version "5.2.5"
  resolved "https://registry.yarnpkg.com/rc-image/-/rc-image-5.2.5.tgz#44e6ffc842626827960e7ab72e1c0d6f3a8ce440"
  integrity sha512-qUfZjYIODxO0c8a8P5GeuclYXZjzW4hV/5hyo27XqSFo1DmTCs2HkVeQObkcIk5kNsJtgsj1KoPThVsSc/PXOw==
  dependencies:
    "@babel/runtime" "^7.11.2"
    classnames "^2.2.6"
    rc-dialog "~8.6.0"
    rc-util "^5.0.6"

rc-input-number@~7.3.0:
  version "7.3.4"
  resolved "https://registry.yarnpkg.com/rc-input-number/-/rc-input-number-7.3.4.tgz#674aea98260250287d36e330a7e065b174486e9d"
  integrity sha512-W9uqSzuvJUnz8H8vsVY4kx+yK51SsAxNTwr8SNH4G3XqQNocLVmKIibKFRjocnYX1RDHMND9FFbgj2h7E7nvGA==
  dependencies:
    "@babel/runtime" "^7.10.1"
    classnames "^2.2.5"
    rc-util "^5.9.8"

rc-mentions@~1.6.1:
  version "1.6.1"
  resolved "https://registry.yarnpkg.com/rc-mentions/-/rc-mentions-1.6.1.tgz#46035027d64aa33ef840ba0fbd411871e34617ae"
  integrity sha512-LDzGI8jJVGnkhpTZxZuYBhMz3avcZZqPGejikchh97xPni/g4ht714Flh7DVvuzHQ+BoKHhIjobHnw1rcP8erg==
  dependencies:
    "@babel/runtime" "^7.10.1"
    classnames "^2.2.6"
    rc-menu "^9.0.0"
    rc-textarea "^0.3.0"
    rc-trigger "^5.0.4"
    rc-util "^5.0.1"

rc-menu@^9.0.0:
  version "9.3.2"
  resolved "https://registry.yarnpkg.com/rc-menu/-/rc-menu-9.3.2.tgz#bb842d37ebf71da912bea201cf7ef0a27267ad49"
  integrity sha512-h3m45oY1INZyqphGELkdT0uiPnFzxkML8m0VMhJnk2fowtqfiT7F5tJLT3znEVaPIY80vMy1bClCkgq8U91CzQ==
  dependencies:
    "@babel/runtime" "^7.10.1"
    classnames "2.x"
    rc-motion "^2.4.3"
    rc-overflow "^1.2.0"
    rc-trigger "^5.1.2"
    rc-util "^5.12.0"
    shallowequal "^1.1.0"

rc-menu@~9.2.1:
  version "9.2.1"
  resolved "https://registry.yarnpkg.com/rc-menu/-/rc-menu-9.2.1.tgz#6fbe47f4846363bb81a5a21f0960026c3ada497a"
  integrity sha512-UbEtn3rflJ8zS+etYGTVQuzy7Fm+yWXR5c0Rl6ecNTS/dPknRyWAyhJcbeR0Hu1+RdQT+0VCqrUPrgKnm4iY+w==
  dependencies:
    "@babel/runtime" "^7.10.1"
    classnames "2.x"
    rc-motion "^2.4.3"
    rc-overflow "^1.2.0"
    rc-trigger "^5.1.2"
    rc-util "^5.12.0"
    shallowequal "^1.1.0"

rc-motion@^2.0.0, rc-motion@^2.0.1, rc-motion@^2.2.0, rc-motion@^2.3.0, rc-motion@^2.3.4, rc-motion@^2.4.3, rc-motion@^2.4.4:
  version "2.4.4"
  resolved "https://registry.yarnpkg.com/rc-motion/-/rc-motion-2.4.4.tgz#e995d5fa24fc93065c24f714857cf2677d655bb0"
  integrity sha512-ms7n1+/TZQBS0Ydd2Q5P4+wJTSOrhIrwNxLXCZpR7Fa3/oac7Yi803HDALc2hLAKaCTQtw9LmQeB58zcwOsqlQ==
  dependencies:
    "@babel/runtime" "^7.11.1"
    classnames "^2.2.1"
    rc-util "^5.2.1"

rc-notification@~4.5.7:
  version "4.5.7"
  resolved "https://registry.yarnpkg.com/rc-notification/-/rc-notification-4.5.7.tgz#265e6e6a0c1a0fac63d6abd4d832eb8ff31522f1"
  integrity sha512-zhTGUjBIItbx96SiRu3KVURcLOydLUHZCPpYEn1zvh+re//Tnq/wSxN4FKgp38n4HOgHSVxcLEeSxBMTeBBDdw==
  dependencies:
    "@babel/runtime" "^7.10.1"
    classnames "2.x"
    rc-motion "^2.2.0"
    rc-util "^5.0.1"

rc-overflow@^1.0.0, rc-overflow@^1.2.0:
  version "1.2.2"
  resolved "https://registry.yarnpkg.com/rc-overflow/-/rc-overflow-1.2.2.tgz#95b0222016c0cdbdc0db85f569c262e7706a5f22"
  integrity sha512-X5kj9LDU1ue5wHkqvCprJWLKC+ZLs3p4He/oxjZ1Q4NKaqKBaYf5OdSzRSgh3WH8kSdrfU8LjvlbWnHgJOEkNQ==
  dependencies:
    "@babel/runtime" "^7.11.1"
    classnames "^2.2.1"
    rc-resize-observer "^1.0.0"
    rc-util "^5.5.1"

rc-pagination@~3.1.9:
  version "3.1.15"
  resolved "https://registry.yarnpkg.com/rc-pagination/-/rc-pagination-3.1.15.tgz#e05eddf4c15717a5858290bed0857e27e2f957ff"
  integrity sha512-4L3fot8g4E+PjWEgoVGX0noFCg+8ZFZmeLH4vsnZpB3O2T2zThtakjNxG+YvSaYtyMVT4B+GLayjKrKbXQpdAg==
  dependencies:
    "@babel/runtime" "^7.10.1"
    classnames "^2.2.1"

rc-picker@~2.5.17:
  version "2.5.19"
  resolved "https://registry.yarnpkg.com/rc-picker/-/rc-picker-2.5.19.tgz#73d07546fac3992f0bfabf2789654acada39e46f"
  integrity sha512-u6myoCu/qiQ0vLbNzSzNrzTQhs7mldArCpPHrEI6OUiifs+IPXmbesqSm0zilJjfzrZJLgYeyyOMSznSlh0GKA==
  dependencies:
    "@babel/runtime" "^7.10.1"
    classnames "^2.2.1"
    date-fns "2.x"
    dayjs "1.x"
    moment "^2.24.0"
    rc-trigger "^5.0.4"
    rc-util "^5.4.0"
    shallowequal "^1.1.0"

rc-progress@~3.2.1:
  version "3.2.4"
  resolved "https://registry.yarnpkg.com/rc-progress/-/rc-progress-3.2.4.tgz#4036acdae2566438545bc4df2203248babaf7549"
  integrity sha512-M9WWutRaoVkPUPIrTpRIDpX0SPSrVHzxHdCRCbeoBFrd9UFWTYNWRlHsruJM5FH1AZI+BwB4wOJUNNylg/uFSw==
  dependencies:
    "@babel/runtime" "^7.10.1"
    classnames "^2.2.6"
    rc-util "^5.16.1"

rc-rate@~2.9.0:
  version "2.9.1"
  resolved "https://registry.yarnpkg.com/rc-rate/-/rc-rate-2.9.1.tgz#e43cb95c4eb90a2c1e0b16ec6614d8c43530a731"
  integrity sha512-MmIU7FT8W4LYRRHJD1sgG366qKtSaKb67D0/vVvJYR0lrCuRrCiVQ5qhfT5ghVO4wuVIORGpZs7ZKaYu+KMUzA==
  dependencies:
    "@babel/runtime" "^7.10.1"
    classnames "^2.2.5"
    rc-util "^5.0.1"

rc-resize-observer@^1.0.0, rc-resize-observer@^1.1.0, rc-resize-observer@^1.2.0:
  version "1.2.0"
  resolved "https://registry.yarnpkg.com/rc-resize-observer/-/rc-resize-observer-1.2.0.tgz#9f46052f81cdf03498be35144cb7c53fd282c4c7"
  integrity sha512-6W+UzT3PyDM0wVCEHfoW3qTHPTvbdSgiA43buiy8PzmeMnfgnDeb9NjdimMXMl3/TcrvvWl5RRVdp+NqcR47pQ==
  dependencies:
    "@babel/runtime" "^7.10.1"
    classnames "^2.2.1"
    rc-util "^5.15.0"
    resize-observer-polyfill "^1.5.1"

rc-select@~14.0.0-alpha.15, rc-select@~14.0.0-alpha.23, rc-select@~14.0.0-alpha.8:
  version "14.0.0-alpha.25"
  resolved "https://registry.yarnpkg.com/rc-select/-/rc-select-14.0.0-alpha.25.tgz#9e6ca83b090e020a730fdfdab07c1050549426e4"
  integrity sha512-U9AMzXsOCCdtn96YIZdUrYbxk+5u6uWUCaYH2129X3FTjQITqAjEPYHfPcxU/G7+lwiD0pIaU95W0NMkg+26qw==
  dependencies:
    "@babel/runtime" "^7.10.1"
    classnames "2.x"
    rc-motion "^2.0.1"
    rc-overflow "^1.0.0"
    rc-trigger "^5.0.4"
    rc-util "^5.16.1"
    rc-virtual-list "^3.2.0"

rc-slider@~9.7.4:
  version "9.7.5"
  resolved "https://registry.yarnpkg.com/rc-slider/-/rc-slider-9.7.5.tgz#193141c68e99b1dc3b746daeb6bf852946f5b7f4"
  integrity sha512-LV/MWcXFjco1epPbdw1JlLXlTgmWpB9/Y/P2yinf8Pg3wElHxA9uajN21lJiWtZjf5SCUekfSP6QMJfDo4t1hg==
  dependencies:
    "@babel/runtime" "^7.10.1"
    classnames "^2.2.5"
    rc-tooltip "^5.0.1"
    rc-util "^5.16.1"
    shallowequal "^1.1.0"

rc-steps@~4.1.0:
  version "4.1.4"
  resolved "https://registry.yarnpkg.com/rc-steps/-/rc-steps-4.1.4.tgz#0ba82db202d59ca52d0693dc9880dd145b19dc23"
  integrity sha512-qoCqKZWSpkh/b03ASGx1WhpKnuZcRWmvuW+ZUu4mvMdfvFzVxblTwUM+9aBd0mlEUFmt6GW8FXhMpHkK3Uzp3w==
  dependencies:
    "@babel/runtime" "^7.10.2"
    classnames "^2.2.3"
    rc-util "^5.0.1"

rc-switch@~3.2.0:
  version "3.2.2"
  resolved "https://registry.yarnpkg.com/rc-switch/-/rc-switch-3.2.2.tgz#d001f77f12664d52595b4f6fb425dd9e66fba8e8"
  integrity sha512-+gUJClsZZzvAHGy1vZfnwySxj+MjLlGRyXKXScrtCTcmiYNPzxDFOxdQ/3pK1Kt/0POvwJ/6ALOR8gwdXGhs+A==
  dependencies:
    "@babel/runtime" "^7.10.1"
    classnames "^2.2.1"
    rc-util "^5.0.1"

rc-table@~7.22.2:
  version "7.22.2"
  resolved "https://registry.yarnpkg.com/rc-table/-/rc-table-7.22.2.tgz#218f3f53bc91660560a344c8290a91a841a60b0a"
  integrity sha512-Ng2gNkGi6ybl6dzneRn2H4Gp8XhIbRa5rXQ7ZhZcgWVmfVMok70UHGPXcf68tXW6O0/qckTf/eOVsoviSvK4sw==
  dependencies:
    "@babel/runtime" "^7.10.1"
    classnames "^2.2.5"
    rc-resize-observer "^1.1.0"
    rc-util "^5.14.0"
    shallowequal "^1.1.0"

rc-tabs@~11.10.0:
  version "11.10.5"
  resolved "https://registry.yarnpkg.com/rc-tabs/-/rc-tabs-11.10.5.tgz#53bbb642d04b307f8ce86e318ab99d519507b29b"
  integrity sha512-DDuUdV6b9zGRYLtjI5hyejWLKoz1QiLWNgMeBzc3aMeQylZFhTYnFGdDc6HRqj5IYearNTsFPVSA+6VIT8g5cg==
  dependencies:
    "@babel/runtime" "^7.11.2"
    classnames "2.x"
    rc-dropdown "^3.2.0"
    rc-menu "^9.0.0"
    rc-resize-observer "^1.0.0"
    rc-util "^5.5.0"

rc-textarea@^0.3.0, rc-textarea@~0.3.0:
  version "0.3.7"
  resolved "https://registry.yarnpkg.com/rc-textarea/-/rc-textarea-0.3.7.tgz#987142891efdedb774883c07e2f51b318fde5a11"
  integrity sha512-yCdZ6binKmAQB13hc/oehh0E/QRwoPP1pjF21aHBxlgXO3RzPF6dUu4LG2R4FZ1zx/fQd2L1faktulrXOM/2rw==
  dependencies:
    "@babel/runtime" "^7.10.1"
    classnames "^2.2.1"
    rc-resize-observer "^1.0.0"
    rc-util "^5.7.0"
    shallowequal "^1.1.0"

rc-tooltip@^5.0.1, rc-tooltip@~5.1.1:
  version "5.1.1"
  resolved "https://registry.yarnpkg.com/rc-tooltip/-/rc-tooltip-5.1.1.tgz#94178ed162d0252bc4993b725f5dc2ac0fccf154"
  integrity sha512-alt8eGMJulio6+4/uDm7nvV+rJq9bsfxFDCI0ljPdbuoygUscbsMYb6EQgwib/uqsXQUvzk+S7A59uYHmEgmDA==
  dependencies:
    "@babel/runtime" "^7.11.2"
    rc-trigger "^5.0.0"

rc-tree-select@~5.1.1:
  version "5.1.2"
  resolved "https://registry.yarnpkg.com/rc-tree-select/-/rc-tree-select-5.1.2.tgz#0dfe12f01b9b0dc9ce658b96501692d4421b8366"
  integrity sha512-sTulyQZB1SgF2HzAR49i4vjMNvV/tfPxCTc+qNuWOwaAtSm2bwGH6/wfi3k3Dw2/5PPOGpRRpgCMltoP9aG0+w==
  dependencies:
    "@babel/runtime" "^7.10.1"
    classnames "2.x"
    rc-select "~14.0.0-alpha.8"
    rc-tree "~5.4.3"
    rc-util "^5.16.1"

rc-tree@~5.4.3:
  version "5.4.3"
  resolved "https://registry.yarnpkg.com/rc-tree/-/rc-tree-5.4.3.tgz#8674644964e17e5ab9b111c5aa18676f673e7bd0"
  integrity sha512-WAHV8FkBerulj9J/+61+Qn0TD/Zo37PrDG8/45WomzGTYavxFMur9YguKjQj/J+NxjVJzrJL3lvdSZsumfdbiA==
  dependencies:
    "@babel/runtime" "^7.10.1"
    classnames "2.x"
    rc-motion "^2.0.1"
    rc-util "^5.16.1"
    rc-virtual-list "^3.4.1"

rc-trigger@^5.0.0, rc-trigger@^5.0.4, rc-trigger@^5.1.2, rc-trigger@^5.2.10:
  version "5.2.10"
  resolved "https://registry.yarnpkg.com/rc-trigger/-/rc-trigger-5.2.10.tgz#8a0057a940b1b9027eaa33beec8a6ecd85cce2b1"
  integrity sha512-FkUf4H9BOFDaIwu42fvRycXMAvkttph9AlbCZXssZDVzz2L+QZ0ERvfB/4nX3ZFPh1Zd+uVGr1DEDeXxq4J1TA==
  dependencies:
    "@babel/runtime" "^7.11.2"
    classnames "^2.2.6"
    rc-align "^4.0.0"
    rc-motion "^2.0.0"
    rc-util "^5.5.0"

rc-upload@~4.3.0:
  version "4.3.3"
  resolved "https://registry.yarnpkg.com/rc-upload/-/rc-upload-4.3.3.tgz#e237aa525e5313fa16f4d04d27f53c2f0e157bb8"
  integrity sha512-YoJ0phCRenMj1nzwalXzciKZ9/FAaCrFu84dS5pphwucTC8GUWClcDID/WWNGsLFcM97NqIboDqrV82rVRhW/w==
  dependencies:
    "@babel/runtime" "^7.10.1"
    classnames "^2.2.5"
    rc-util "^5.2.0"

rc-util@^5.0.1, rc-util@^5.0.6, rc-util@^5.0.7, rc-util@^5.12.0, rc-util@^5.14.0, rc-util@^5.15.0, rc-util@^5.16.1, rc-util@^5.2.0, rc-util@^5.2.1, rc-util@^5.3.0, rc-util@^5.4.0, rc-util@^5.5.0, rc-util@^5.5.1, rc-util@^5.6.1, rc-util@^5.7.0, rc-util@^5.8.0, rc-util@^5.9.4, rc-util@^5.9.8:
  version "5.17.0"
  resolved "https://registry.yarnpkg.com/rc-util/-/rc-util-5.17.0.tgz#6b0788038075c3d5c215541539573a4a03827070"
  integrity sha512-HWuTIKzBeZQQ7IBqdokE0wMp/xx39/KfUJ0gcquBigoldDCrf3YBcWFHrrQlJG7sI82Wg8mwp1uAKV3zMGfAgg==
  dependencies:
    "@babel/runtime" "^7.12.5"
    react-is "^16.12.0"
    shallowequal "^1.1.0"

rc-virtual-list@^3.2.0, rc-virtual-list@^3.4.1:
  version "3.4.2"
  resolved "https://registry.yarnpkg.com/rc-virtual-list/-/rc-virtual-list-3.4.2.tgz#1078327aa7230b5e456d679ed2ce99f3c036ebd1"
  integrity sha512-OyVrrPvvFcHvV0ssz5EDZ+7Rf5qLat/+mmujjchNw5FfbJWNDwkpQ99EcVE6+FtNRmX9wFa1LGNpZLUTvp/4GQ==
  dependencies:
    classnames "^2.2.6"
    rc-resize-observer "^1.0.0"
    rc-util "^5.0.7"

react-dom@17.0.2:
  version "17.0.2"
  resolved "https://registry.yarnpkg.com/react-dom/-/react-dom-17.0.2.tgz#ecffb6845e3ad8dbfcdc498f0d0a939736502c23"
  integrity sha512-s4h96KtLDUQlsENhMn1ar8t2bEa+q/YAtj8pPPdIjPDGBDIVNsrD9aXNWqspUe6AzKCIG0C1HZZLqLV7qpOBGA==
  dependencies:
    loose-envify "^1.1.0"
    object-assign "^4.1.1"
    scheduler "^0.20.2"

react-dom@^17.0.1:
  version "17.0.1"
  resolved "https://registry.yarnpkg.com/react-dom/-/react-dom-17.0.1.tgz#1de2560474ec9f0e334285662ede52dbc5426fc6"
  integrity sha512-6eV150oJZ9U2t9svnsspTMrWNyHc6chX0KzDeAOXftRa8bNeOKTTfCJ7KorIwenkHd2xqVTBTCZd79yk/lx/Ug==
  dependencies:
    loose-envify "^1.1.0"
    object-assign "^4.1.1"
    scheduler "^0.20.1"

react-ga@3.3.0:
  version "3.3.0"
  resolved "https://registry.yarnpkg.com/react-ga/-/react-ga-3.3.0.tgz#c91f407198adcb3b49e2bc5c12b3fe460039b3ca"
  integrity sha512-o8RScHj6Lb8cwy3GMrVH6NJvL+y0zpJvKtc0+wmH7Bt23rszJmnqEQxRbyrqUzk9DTJIHoP42bfO5rswC9SWBQ==

react-iframe@1.8.0:
  version "1.8.0"
  resolved "https://registry.yarnpkg.com/react-iframe/-/react-iframe-1.8.0.tgz#8c78f2c59b894ca5605fa7e45e61e27e57e96091"
  integrity sha512-NYi89+rEqREwQxW9sDf+akh6/dtwWd3bOjByoVEIQ7SicOxVawRMer3pLdWjFaHXpuxTB9NqobPf/Ohj2iAKkg==
  dependencies:
    object-assign "^4.1.1"

react-is@^16.12.0, react-is@^16.8.1:
  version "16.13.1"
  resolved "https://registry.yarnpkg.com/react-is/-/react-is-16.13.1.tgz#789729a4dc36de2999dc156dd6c1d9c18cea56a4"
  integrity sha512-24e6ynE2H+OKt4kqsOvNd8kBpV65zoxbA4BVsEOB3ARVWQki/DHzaUoC5KuON/BiccDaCCTZBuOcfZs70kR8bQ==

react-scroll-progress-bar@1.1.13:
  version "1.1.13"
  resolved "https://registry.yarnpkg.com/react-scroll-progress-bar/-/react-scroll-progress-bar-1.1.13.tgz#6c48ff2436dec6b905febe378fdea6f55fb6cf41"
  integrity sha512-MuC/DujwU5YNVXUfjdPfdKnjwHfxUjA6VAUgdP2qIO4CmsLss47Qz+ZEjb2UL4IHHGB5R/cw+L5Zs4VN6bLmmA==
  dependencies:
    prop-types "^15.7.2"
    react "^17.0.1"
    react-dom "^17.0.1"

react@17.0.2:
  version "17.0.2"
  resolved "https://registry.yarnpkg.com/react/-/react-17.0.2.tgz#d0b5cc516d29eb3eee383f75b62864cfb6800037"
  integrity sha512-gnhPt75i/dq/z3/6q/0asP78D0u592D5L1pd7M8P+dck6Fu/jJeL6iVVK23fptSUZj8Vjf++7wXA8UNclGQcbA==
  dependencies:
    loose-envify "^1.1.0"
    object-assign "^4.1.1"

react@^17.0.1:
  version "17.0.1"
  resolved "https://registry.yarnpkg.com/react/-/react-17.0.1.tgz#6e0600416bd57574e3f86d92edba3d9008726127"
  integrity sha512-lG9c9UuMHdcAexXtigOZLX8exLWkW0Ku29qPRU8uhF2R9BN96dLCt0psvzPLlHc5OWkgymP3qwTRgbnw5BKx3w==
  dependencies:
    loose-envify "^1.1.0"
    object-assign "^4.1.1"

regenerator-runtime@^0.13.4:
  version "0.13.5"
  resolved "https://registry.yarnpkg.com/regenerator-runtime/-/regenerator-runtime-0.13.5.tgz#d878a1d094b4306d10b9096484b33ebd55e26697"
  integrity sha512-ZS5w8CpKFinUzOwW3c83oPeVXoNsrLsaCoLtJvAClH135j/R77RuymhiSErhm2lKcwSCIpmvIWSbDkIfAqKQlA==

resize-observer-polyfill@^1.5.0, resize-observer-polyfill@^1.5.1:
  version "1.5.1"
  resolved "https://registry.yarnpkg.com/resize-observer-polyfill/-/resize-observer-polyfill-1.5.1.tgz#0e9020dd3d21024458d4ebd27e23e40269810464"
  integrity sha512-LwZrotdHOo12nQuZlHEmtuXdqGoOD0OhaxopaNFxWzInpEgaLWoVuAMbTzixuosCx2nEG58ngzW3vxdWoxIgdg==

scheduler@^0.20.1:
  version "0.20.1"
  resolved "https://registry.yarnpkg.com/scheduler/-/scheduler-0.20.1.tgz#da0b907e24026b01181ecbc75efdc7f27b5a000c"
  integrity sha512-LKTe+2xNJBNxu/QhHvDR14wUXHRQbVY5ZOYpOGWRzhydZUqrLb2JBvLPY7cAqFmqrWuDED0Mjk7013SZiOz6Bw==
  dependencies:
    loose-envify "^1.1.0"
    object-assign "^4.1.1"

scheduler@^0.20.2:
  version "0.20.2"
  resolved "https://registry.yarnpkg.com/scheduler/-/scheduler-0.20.2.tgz#4baee39436e34aa93b4874bddcbf0fe8b8b50e91"
  integrity sha512-2eWfGgAqqWFGqtdMmcL5zCMK1U8KlXv8SQFGglL3CEtd0aDVDWgeF/YoCmvln55m5zSk3J/20hTaSBeSObsQDQ==
  dependencies:
    loose-envify "^1.1.0"
    object-assign "^4.1.1"

scroll-into-view-if-needed@^2.2.25:
  version "2.2.28"
  resolved "https://registry.yarnpkg.com/scroll-into-view-if-needed/-/scroll-into-view-if-needed-2.2.28.tgz#5a15b2f58a52642c88c8eca584644e01703d645a"
  integrity sha512-8LuxJSuFVc92+0AdNv4QOxRL4Abeo1DgLnGNkn1XlaujPH/3cCFz3QI60r2VNu4obJJROzgnIUw5TKQkZvZI1w==
  dependencies:
    compute-scroll-into-view "^1.0.17"

shallowequal@^1.1.0:
  version "1.1.0"
  resolved "https://registry.yarnpkg.com/shallowequal/-/shallowequal-1.1.0.tgz#188d521de95b9087404fd4dcb68b13df0ae4e7f8"
  integrity sha512-y0m1JoUZSlPAjXVtPPW70aZWfIL/dSP7AFkRnniLCrK/8MDKog3TySTBmckD+RObVxH0v4Tox67+F14PdED2oQ==

sirv@^1.0.7:
  version "1.0.19"
  resolved "https://registry.yarnpkg.com/sirv/-/sirv-1.0.19.tgz#1d73979b38c7fe91fcba49c85280daa9c2363b49"
  integrity sha512-JuLThK3TnZG1TAKDwNIqNq6QA2afLOCcm+iE8D1Kj3GA40pSPsxQjjJl0J8X3tsR7T+CP1GavpzLwYkgVLWrZQ==
  dependencies:
    "@polka/url" "^1.0.0-next.20"
    mrmime "^1.0.0"
    totalist "^1.0.0"

source-map-js@^1.0.1:
  version "1.0.2"
  resolved "https://registry.yarnpkg.com/source-map-js/-/source-map-js-1.0.2.tgz#adbc361d9c62df380125e7f161f71c826f1e490c"
  integrity sha512-R0XvVJ9WusLiqTCEiGCmICCMplcCkIwwR11mOSD9CR5u+IXYdiseeEuXCVAjS54zqwkLcPNnmU4OeJ6tUrWhDw==

string-convert@^0.2.0:
  version "0.2.1"
  resolved "https://registry.yarnpkg.com/string-convert/-/string-convert-0.2.1.tgz#6982cc3049fbb4cd85f8b24568b9d9bf39eeff97"
  integrity sha1-aYLMMEn7tM2F+LJFaLnZvznu/5c=

styled-jsx@5.0.0:
  version "5.0.0"
  resolved "https://registry.yarnpkg.com/styled-jsx/-/styled-jsx-5.0.0.tgz#816b4b92e07b1786c6b7111821750e0ba4d26e77"
  integrity sha512-qUqsWoBquEdERe10EW8vLp3jT25s/ssG1/qX5gZ4wu15OZpmSMFI2v+fWlRhLfykA5rFtlJ1ME8A8pm/peV4WA==

supports-color@^7.1.0:
  version "7.1.0"
  resolved "https://registry.yarnpkg.com/supports-color/-/supports-color-7.1.0.tgz#68e32591df73e25ad1c4b49108a2ec507962bfd1"
  integrity sha512-oRSIpR8pxT1Wr2FquTNnGet79b3BWljqOuoW/h4oBhxJ/HUbX5nX6JSruTkvXDCFMwDPvsaTTbvMLKZWSy0R5g==
  dependencies:
    has-flag "^4.0.0"

toggle-selection@^1.0.6:
  version "1.0.6"
  resolved "https://registry.yarnpkg.com/toggle-selection/-/toggle-selection-1.0.6.tgz#6e45b1263f2017fa0acc7d89d78b15b8bf77da32"
  integrity sha1-bkWxJj8gF/oKzH2J14sVuL932jI=

totalist@^1.0.0:
  version "1.1.0"
  resolved "https://registry.yarnpkg.com/totalist/-/totalist-1.1.0.tgz#a4d65a3e546517701e3e5c37a47a70ac97fe56df"
  integrity sha512-gduQwd1rOdDMGxFG1gEvhV88Oirdo2p+KjoYFU7k2g+i7n6AFFbDQ5kMPUsW0pNbfQsB/cwXvT1i4Bue0s9g5g==

typescript@4.5.5:
  version "4.5.5"
  resolved "https://registry.yarnpkg.com/typescript/-/typescript-4.5.5.tgz#d8c953832d28924a9e3d37c73d729c846c5896f3"
  integrity sha512-TCTIul70LyWe6IJWT8QSYeA54WQe8EjQFU4wY52Fasj5UKx88LNYKCgBEHcOMOrFF1rKGbD8v/xcNWVUq9SymA==

use-persisted-state@0.3.3:
  version "0.3.3"
  resolved "https://registry.yarnpkg.com/use-persisted-state/-/use-persisted-state-0.3.3.tgz#5e0f2236967cec7c34de33abc07ae6818e7c7451"
  integrity sha512-pCNlvYC8+XjRxwnIut4teGC9f2p9aD88R8OGseQGZa2dvqG/h1vEGk1vRE1IZG0Vf161UDpn+NlW4+UGubQflQ==
  dependencies:
    "@use-it/event-listener" "^0.1.2"

use-subscription@1.5.1:
  version "1.5.1"
  resolved "https://registry.yarnpkg.com/use-subscription/-/use-subscription-1.5.1.tgz#73501107f02fad84c6dd57965beb0b75c68c42d1"
  integrity sha512-Xv2a1P/yReAjAbhylMfFplFKj9GssgTwN7RlcTxBujFQcloStWNDQdc4g4NRWH9xS4i/FDk04vQBptAXoF3VcA==
  dependencies:
    object-assign "^4.1.1"

webpack-bundle-analyzer@4.3.0:
  version "4.3.0"
  resolved "https://registry.yarnpkg.com/webpack-bundle-analyzer/-/webpack-bundle-analyzer-4.3.0.tgz#2f3c0ca9041d5ee47fa418693cf56b4a518b578b"
  integrity sha512-J3TPm54bPARx6QG8z4cKBszahnUglcv70+N+8gUqv2I5KOFHJbzBiLx+pAp606so0X004fxM7hqRu10MLjJifA==
  dependencies:
    acorn "^8.0.4"
    acorn-walk "^8.0.0"
    chalk "^4.1.0"
    commander "^6.2.0"
    gzip-size "^6.0.0"
    lodash "^4.17.20"
    opener "^1.5.2"
    sirv "^1.0.7"
    ws "^7.3.1"

ws@^7.3.1:
  version "7.5.6"
  resolved "https://registry.yarnpkg.com/ws/-/ws-7.5.6.tgz#e59fc509fb15ddfb65487ee9765c5a51dec5fe7b"
  integrity sha512-6GLgCqo2cy2A2rjCNFlxQS6ZljG/coZfZXclldI8FB/1G3CCI36Zd8xy2HrFVACi8tfk5XrgLQEk+P0Tnz9UcA==
